
Microsoft Visual Studio Solution File, Format Version 12.00
# Visual Studio 14
VisualStudioVersion = 14.0.23107.0
MinimumVisualStudioVersion = 10.0.40219.1
Project("{FAE04EC0-301F-11D3-BF4B-00C04F79EFBC}") = "XY.Admin", "XY.Admin\XY.Admin.csproj", "{51F0E633-F7BE-48FC-AD7C-A9369196E98B}"
EndProject
Project("{FAE04EC0-301F-11D3-BF4B-00C04F79EFBC}") = "XY.AutoEntity", "XY.AutoEntity\XY.AutoEntity.csproj", "{B2A668FF-0B19-4252-8C4E-414C382AB1EB}"
EndProject
Project("{2150E333-8FDC-42A3-9474-1A3956D46DE8}") = "Reference", "Reference", "{5CE9BBA9-2C72-41D8-82FB-AAAA1FE3DFA1}"
	ProjectSection(SolutionItems) = preProject
		Reference\Application.DataAccess.dll = Reference\Application.DataAccess.dll
		Reference\Application.DataAccess.pdb = Reference\Application.DataAccess.pdb
		Reference\EmitMapper.dll = Reference\EmitMapper.dll
		Reference\log4net.dll = Reference\log4net.dll
		Reference\log4net.xml = Reference\log4net.xml
		Reference\Newtonsoft.Json.dll = Reference\Newtonsoft.Json.dll
		Reference\Newtonsoft.Json.pdb = Reference\Newtonsoft.Json.pdb
		Reference\Newtonsoft.Json.xml = Reference\Newtonsoft.Json.xml
		Reference\NVelocity.dll = Reference\NVelocity.dll
		Reference\RazorEngine.dll = Reference\RazorEngine.dll
		Reference\System.Web.Razor.dll = Reference\System.Web.Razor.dll
		Reference\YunChengLK.Framework.dll = Reference\YunChengLK.Framework.dll
		Reference\YunChengLK.Framework.pdb = Reference\YunChengLK.Framework.pdb
	EndProjectSection
EndProject
Project("{FAE04EC0-301F-11D3-BF4B-00C04F79EFBC}") = "XY.DataAccess", "XY.DataAccess\XY.DataAccess.csproj", "{C504AA63-51F2-4FC2-A7D4-E8808256DD43}"
EndProject
Project("{FAE04EC0-301F-11D3-BF4B-00C04F79EFBC}") = "XY.Entity", "XY.Entity\XY.Entity.csproj", "{F2B2132D-F68C-4B45-9FB3-B3491B09A916}"
EndProject
Project("{FAE04EC0-301F-11D3-BF4B-00C04F79EFBC}") = "XY.Util", "XY.Util\XY.Util.csproj", "{D8DFBC42-3DB7-4D9C-BF24-C656BC33524A}"
EndProject
Project("{FAE04EC0-301F-11D3-BF4B-00C04F79EFBC}") = "XY.Services", "XY.Services\XY.Services.csproj", "{B73EF3DE-5538-44EC-A423-15362BE64F50}"
EndProject
Project("{FAE04EC0-301F-11D3-BF4B-00C04F79EFBC}") = "XY.Source", "XY.Source\XY.Source.csproj", "{7982B081-33DD-438A-B77D-3463E2EC71CA}"
EndProject
Project("{FAE04EC0-301F-11D3-BF4B-00C04F79EFBC}") = "XY.SyncFile", "XY.SyncFile\XY.SyncFile.csproj", "{A8963AC8-72A3-42BE-8DD9-18F2420D201D}"
EndProject
Project("{FAE04EC0-301F-11D3-BF4B-00C04F79EFBC}") = "XY.WeChart", "XY.WeChart\XY.WeChart.csproj", "{CF19B5A6-03E3-4D02-BF57-805B207ABA54}"
EndProject
Project("{FAE04EC0-301F-11D3-BF4B-00C04F79EFBC}") = "XY.API", "XY.API\XY.API.csproj", "{1EB2BDD3-FDCD-4962-9D7F-8797130EDA90}"
EndProject
Project("{FAE04EC0-301F-11D3-BF4B-00C04F79EFBC}") = "XY.Source_ext", "XY.Source_ext\XY.Source_ext.csproj", "{E85C8C15-7B99-4376-A889-52647CA6D7F6}"
EndProject
Project("{FAE04EC0-301F-11D3-BF4B-00C04F79EFBC}") = "XY.weidian", "XY.weidian\XY.weidian.csproj", "{BDD0A2B2-437B-4DCE-BCA7-BB58A844D0EF}"
EndProject
Project("{FAE04EC0-301F-11D3-BF4B-00C04F79EFBC}") = "XY.WeChart.Web", "XY.WeChart.Web\XY.WeChart.Web.csproj", "{E706490F-1CE7-4CAD-AE1D-5D536F5AC1D0}"
EndProject
Project("{FAE04EC0-301F-11D3-BF4B-00C04F79EFBC}") = "XY.WeChart.Service", "XY.WeChart.Service\XY.WeChart.Service.csproj", "{ABFE42B3-00C8-4EC2-87FB-7CA8DC5232BE}"
EndProject
Project("{FAE04EC0-301F-11D3-BF4B-00C04F79EFBC}") = "XY.Weixin.PF.Comm", "XY.Weixin.PF.Comm\XY.Weixin.PF.Comm.csproj", "{F59AA9FD-833D-41CA-A678-5C50ED6F80D5}"
EndProject
Project("{FAE04EC0-301F-11D3-BF4B-00C04F79EFBC}") = "XY.Weixin.MP", "XY.Weixin.MP\XY.Weixin.MP.csproj", "{5BE65B52-DC27-4788-9984-2A970D09BC92}"
EndProject
Project("{FAE04EC0-301F-11D3-BF4B-00C04F79EFBC}") = "XY.Weixin", "XY.Weixin\XY.Weixin.csproj", "{79BF7EE5-72B4-4A21-B84A-39282A6BC66E}"
EndProject
Global
	GlobalSection(SolutionConfigurationPlatforms) = preSolution
		Debug|Any CPU = Debug|Any CPU
		Release|Any CPU = Release|Any CPU
	EndGlobalSection
	GlobalSection(ProjectConfigurationPlatforms) = postSolution
		{51F0E633-F7BE-48FC-AD7C-A9369196E98B}.Debug|Any CPU.ActiveCfg = Debug|Any CPU
		{51F0E633-F7BE-48FC-AD7C-A9369196E98B}.Debug|Any CPU.Build.0 = Debug|Any CPU
		{51F0E633-F7BE-48FC-AD7C-A9369196E98B}.Release|Any CPU.ActiveCfg = Release|Any CPU
		{51F0E633-F7BE-48FC-AD7C-A9369196E98B}.Release|Any CPU.Build.0 = Release|Any CPU
		{B2A668FF-0B19-4252-8C4E-414C382AB1EB}.Debug|Any CPU.ActiveCfg = Debug|Any CPU
		{B2A668FF-0B19-4252-8C4E-414C382AB1EB}.Debug|Any CPU.Build.0 = Debug|Any CPU
		{B2A668FF-0B19-4252-8C4E-414C382AB1EB}.Release|Any CPU.ActiveCfg = Release|Any CPU
		{B2A668FF-0B19-4252-8C4E-414C382AB1EB}.Release|Any CPU.Build.0 = Release|Any CPU
		{C504AA63-51F2-4FC2-A7D4-E8808256DD43}.Debug|Any CPU.ActiveCfg = Debug|Any CPU
		{C504AA63-51F2-4FC2-A7D4-E8808256DD43}.Debug|Any CPU.Build.0 = Debug|Any CPU
		{C504AA63-51F2-4FC2-A7D4-E8808256DD43}.Release|Any CPU.ActiveCfg = Release|Any CPU
		{C504AA63-51F2-4FC2-A7D4-E8808256DD43}.Release|Any CPU.Build.0 = Release|Any CPU
		{F2B2132D-F68C-4B45-9FB3-B3491B09A916}.Debug|Any CPU.ActiveCfg = Debug|Any CPU
		{F2B2132D-F68C-4B45-9FB3-B3491B09A916}.Debug|Any CPU.Build.0 = Debug|Any CPU
		{F2B2132D-F68C-4B45-9FB3-B3491B09A916}.Release|Any CPU.ActiveCfg = Release|Any CPU
		{F2B2132D-F68C-4B45-9FB3-B3491B09A916}.Release|Any CPU.Build.0 = Release|Any CPU
		{D8DFBC42-3DB7-4D9C-BF24-C656BC33524A}.Debug|Any CPU.ActiveCfg = Debug|Any CPU
		{D8DFBC42-3DB7-4D9C-BF24-C656BC33524A}.Debug|Any CPU.Build.0 = Debug|Any CPU
		{D8DFBC42-3DB7-4D9C-BF24-C656BC33524A}.Release|Any CPU.ActiveCfg = Release|Any CPU
		{D8DFBC42-3DB7-4D9C-BF24-C656BC33524A}.Release|Any CPU.Build.0 = Release|Any CPU
		{B73EF3DE-5538-44EC-A423-15362BE64F50}.Debug|Any CPU.ActiveCfg = Debug|Any CPU
		{B73EF3DE-5538-44EC-A423-15362BE64F50}.Debug|Any CPU.Build.0 = Debug|Any CPU
		{B73EF3DE-5538-44EC-A423-15362BE64F50}.Release|Any CPU.ActiveCfg = Release|Any CPU
		{B73EF3DE-5538-44EC-A423-15362BE64F50}.Release|Any CPU.Build.0 = Release|Any CPU
		{7982B081-33DD-438A-B77D-3463E2EC71CA}.Debug|Any CPU.ActiveCfg = Debug|Any CPU
		{7982B081-33DD-438A-B77D-3463E2EC71CA}.Debug|Any CPU.Build.0 = Debug|Any CPU
		{7982B081-33DD-438A-B77D-3463E2EC71CA}.Release|Any CPU.ActiveCfg = Release|Any CPU
		{7982B081-33DD-438A-B77D-3463E2EC71CA}.Release|Any CPU.Build.0 = Release|Any CPU
		{A8963AC8-72A3-42BE-8DD9-18F2420D201D}.Debug|Any CPU.ActiveCfg = Debug|Any CPU
		{A8963AC8-72A3-42BE-8DD9-18F2420D201D}.Debug|Any CPU.Build.0 = Debug|Any CPU
		{A8963AC8-72A3-42BE-8DD9-18F2420D201D}.Release|Any CPU.ActiveCfg = Release|Any CPU
		{A8963AC8-72A3-42BE-8DD9-18F2420D201D}.Release|Any CPU.Build.0 = Release|Any CPU
		{CF19B5A6-03E3-4D02-BF57-805B207ABA54}.Debug|Any CPU.ActiveCfg = Debug|Any CPU
		{CF19B5A6-03E3-4D02-BF57-805B207ABA54}.Debug|Any CPU.Build.0 = Debug|Any CPU
		{CF19B5A6-03E3-4D02-BF57-805B207ABA54}.Release|Any CPU.ActiveCfg = Release|Any CPU
		{CF19B5A6-03E3-4D02-BF57-805B207ABA54}.Release|Any CPU.Build.0 = Release|Any CPU
		{1EB2BDD3-FDCD-4962-9D7F-8797130EDA90}.Debug|Any CPU.ActiveCfg = Debug|Any CPU
		{1EB2BDD3-FDCD-4962-9D7F-8797130EDA90}.Debug|Any CPU.Build.0 = Debug|Any CPU
		{1EB2BDD3-FDCD-4962-9D7F-8797130EDA90}.Release|Any CPU.ActiveCfg = Release|Any CPU
		{1EB2BDD3-FDCD-4962-9D7F-8797130EDA90}.Release|Any CPU.Build.0 = Release|Any CPU
		{E85C8C15-7B99-4376-A889-52647CA6D7F6}.Debug|Any CPU.ActiveCfg = Debug|Any CPU
		{E85C8C15-7B99-4376-A889-52647CA6D7F6}.Debug|Any CPU.Build.0 = Debug|Any CPU
		{E85C8C15-7B99-4376-A889-52647CA6D7F6}.Release|Any CPU.ActiveCfg = Release|Any CPU
		{E85C8C15-7B99-4376-A889-52647CA6D7F6}.Release|Any CPU.Build.0 = Release|Any CPU
		{BDD0A2B2-437B-4DCE-BCA7-BB58A844D0EF}.Debug|Any CPU.ActiveCfg = Debug|Any CPU
		{BDD0A2B2-437B-4DCE-BCA7-BB58A844D0EF}.Debug|Any CPU.Build.0 = Debug|Any CPU
		{BDD0A2B2-437B-4DCE-BCA7-BB58A844D0EF}.Release|Any CPU.ActiveCfg = Release|Any CPU
		{BDD0A2B2-437B-4DCE-BCA7-BB58A844D0EF}.Release|Any CPU.Build.0 = Release|Any CPU
		{E706490F-1CE7-4CAD-AE1D-5D536F5AC1D0}.Debug|Any CPU.ActiveCfg = Debug|Any CPU
		{E706490F-1CE7-4CAD-AE1D-5D536F5AC1D0}.Debug|Any CPU.Build.0 = Debug|Any CPU
		{E706490F-1CE7-4CAD-AE1D-5D536F5AC1D0}.Release|Any CPU.ActiveCfg = Release|Any CPU
		{E706490F-1CE7-4CAD-AE1D-5D536F5AC1D0}.Release|Any CPU.Build.0 = Release|Any CPU
		{ABFE42B3-00C8-4EC2-87FB-7CA8DC5232BE}.Debug|Any CPU.ActiveCfg = Debug|Any CPU
		{ABFE42B3-00C8-4EC2-87FB-7CA8DC5232BE}.Debug|Any CPU.Build.0 = Debug|Any CPU
		{ABFE42B3-00C8-4EC2-87FB-7CA8DC5232BE}.Release|Any CPU.ActiveCfg = Release|Any CPU
		{ABFE42B3-00C8-4EC2-87FB-7CA8DC5232BE}.Release|Any CPU.Build.0 = Release|Any CPU
		{F59AA9FD-833D-41CA-A678-5C50ED6F80D5}.Debug|Any CPU.ActiveCfg = Debug|Any CPU
		{F59AA9FD-833D-41CA-A678-5C50ED6F80D5}.Debug|Any CPU.Build.0 = Debug|Any CPU
		{F59AA9FD-833D-41CA-A678-5C50ED6F80D5}.Release|Any CPU.ActiveCfg = Release|Any CPU
		{F59AA9FD-833D-41CA-A678-5C50ED6F80D5}.Release|Any CPU.Build.0 = Release|Any CPU
		{5BE65B52-DC27-4788-9984-2A970D09BC92}.Debug|Any CPU.ActiveCfg = Debug|Any CPU
		{5BE65B52-DC27-4788-9984-2A970D09BC92}.Debug|Any CPU.Build.0 = Debug|Any CPU
		{5BE65B52-DC27-4788-9984-2A970D09BC92}.Release|Any CPU.ActiveCfg = Release|Any CPU
		{5BE65B52-DC27-4788-9984-2A970D09BC92}.Release|Any CPU.Build.0 = Release|Any CPU
		{79BF7EE5-72B4-4A21-B84A-39282A6BC66E}.Debug|Any CPU.ActiveCfg = Debug|Any CPU
		{79BF7EE5-72B4-4A21-B84A-39282A6BC66E}.Debug|Any CPU.Build.0 = Debug|Any CPU
		{79BF7EE5-72B4-4A21-B84A-39282A6BC66E}.Release|Any CPU.ActiveCfg = Release|Any CPU
		{79BF7EE5-72B4-4A21-B84A-39282A6BC66E}.Release|Any CPU.Build.0 = Release|Any CPU
	EndGlobalSection
	GlobalSection(SolutionProperties) = preSolution
		HideSolutionNode = FALSE
	EndGlobalSection
EndGlobal
